
Microsoft Visual Studio Solution File, Format Version 12.00
# Visual Studio Version 16
VisualStudioVersion = 16.0.31515.178
MinimumVisualStudioVersion = 10.0.40219.1
Project("{FAE04EC0-301F-11D3-BF4B-00C04F79EFBC}") = "ProjectReservation", "ProjectReservation.csproj", "{E3083AD5-992A-436D-AE5F-E8D99731D676}"
EndProject
Global
	GlobalSection(SolutionConfigurationPlatforms) = preSolution
		Debug|Any CPU = Debug|Any CPU
		Release|Any CPU = Release|Any CPU
	EndGlobalSection
	GlobalSection(ProjectConfigurationPlatforms) = postSolution
		{E3083AD5-992A-436D-AE5F-E8D99731D676}.Debug|Any CPU.ActiveCfg = Debug|Any CPU
		{E3083AD5-992A-436D-AE5F-E8D99731D676}.Debug|Any CPU.Build.0 = Debug|Any CPU
		{E3083AD5-992A-436D-AE5F-E8D99731D676}.Release|Any CPU.ActiveCfg = Release|Any CPU
		{E3083AD5-992A-436D-AE5F-E8D99731D676}.Release|Any CPU.Build.0 = Release|Any CPU
	EndGlobalSection
	GlobalSection(SolutionProperties) = preSolution
		HideSolutionNode = FALSE
	EndGlobalSection
	GlobalSection(ExtensibilityGlobals) = postSolution
		SolutionGuid = {0899014C-0D93-42C9-BC1E-3F9BD77B44BB}
	EndGlobalSection
EndGlobal
